
Microsoft Visual Studio Solution File, Format Version 12.00
# Visual Studio Version 17
VisualStudioVersion = 17.0.31903.59
MinimumVisualStudioVersion = 10.0.40219.1
Project("{FAE04EC0-301F-11D3-BF4B-00C04F79EFBC}") = "GeoShapes", "GeoShapes\GeoShapes.csproj", "{1A88FC28-E009-4E2B-AF79-30B2E4B6292B}"
EndProject
Project("{FAE04EC0-301F-11D3-BF4B-00C04F79EFBC}") = "GeoShapes.Tests", "GeoShapes.Tests\GeoShapes.Tests.csproj", "{CEC23CA7-8150-48FF-B32D-149BBCE5CAE0}"
EndProject
Global
	GlobalSection(SolutionConfigurationPlatforms) = preSolution
		Debug|Any CPU = Debug|Any CPU
		Debug|x64 = Debug|x64
		Debug|x86 = Debug|x86
		Release|Any CPU = Release|Any CPU
		Release|x64 = Release|x64
		Release|x86 = Release|x86
	EndGlobalSection
	GlobalSection(ProjectConfigurationPlatforms) = postSolution
		{1A88FC28-E009-4E2B-AF79-30B2E4B6292B}.Debug|Any CPU.ActiveCfg = Debug|Any CPU
		{1A88FC28-E009-4E2B-AF79-30B2E4B6292B}.Debug|Any CPU.Build.0 = Debug|Any CPU
		{1A88FC28-E009-4E2B-AF79-30B2E4B6292B}.Debug|x64.ActiveCfg = Debug|Any CPU
		{1A88FC28-E009-4E2B-AF79-30B2E4B6292B}.Debug|x64.Build.0 = Debug|Any CPU
		{1A88FC28-E009-4E2B-AF79-30B2E4B6292B}.Debug|x86.ActiveCfg = Debug|Any CPU
		{1A88FC28-E009-4E2B-AF79-30B2E4B6292B}.Debug|x86.Build.0 = Debug|Any CPU
		{1A88FC28-E009-4E2B-AF79-30B2E4B6292B}.Release|Any CPU.ActiveCfg = Release|Any CPU
		{1A88FC28-E009-4E2B-AF79-30B2E4B6292B}.Release|Any CPU.Build.0 = Release|Any CPU
		{1A88FC28-E009-4E2B-AF79-30B2E4B6292B}.Release|x64.ActiveCfg = Release|Any CPU
		{1A88FC28-E009-4E2B-AF79-30B2E4B6292B}.Release|x64.Build.0 = Release|Any CPU
		{1A88FC28-E009-4E2B-AF79-30B2E4B6292B}.Release|x86.ActiveCfg = Release|Any CPU
		{1A88FC28-E009-4E2B-AF79-30B2E4B6292B}.Release|x86.Build.0 = Release|Any CPU
		{CEC23CA7-8150-48FF-B32D-149BBCE5CAE0}.Debug|Any CPU.ActiveCfg = Debug|Any CPU
		{CEC23CA7-8150-48FF-B32D-149BBCE5CAE0}.Debug|Any CPU.Build.0 = Debug|Any CPU
		{CEC23CA7-8150-48FF-B32D-149BBCE5CAE0}.Debug|x64.ActiveCfg = Debug|Any CPU
		{CEC23CA7-8150-48FF-B32D-149BBCE5CAE0}.Debug|x64.Build.0 = Debug|Any CPU
		{CEC23CA7-8150-48FF-B32D-149BBCE5CAE0}.Debug|x86.ActiveCfg = Debug|Any CPU
		{CEC23CA7-8150-48FF-B32D-149BBCE5CAE0}.Debug|x86.Build.0 = Debug|Any CPU
		{CEC23CA7-8150-48FF-B32D-149BBCE5CAE0}.Release|Any CPU.ActiveCfg = Release|Any CPU
		{CEC23CA7-8150-48FF-B32D-149BBCE5CAE0}.Release|Any CPU.Build.0 = Release|Any CPU
		{CEC23CA7-8150-48FF-B32D-149BBCE5CAE0}.Release|x64.ActiveCfg = Release|Any CPU
		{CEC23CA7-8150-48FF-B32D-149BBCE5CAE0}.Release|x64.Build.0 = Release|Any CPU
		{CEC23CA7-8150-48FF-B32D-149BBCE5CAE0}.Release|x86.ActiveCfg = Release|Any CPU
		{CEC23CA7-8150-48FF-B32D-149BBCE5CAE0}.Release|x86.Build.0 = Release|Any CPU
	EndGlobalSection
	GlobalSection(SolutionProperties) = preSolution
		HideSolutionNode = FALSE
	EndGlobalSection
EndGlobal
